Microsoft Visual Studio Solution File, Format Version 12.00
# Visual Studio 2012
Project("{FAE04EC0-301F-11D3-BF4B-00C04F79EFBC}") = "SkyPogo", "SkyPogo.csproj", "{38ADF299-CA88-4B9A-86F7-0A55F617C87C}"
EndProject
Global
	GlobalSection(SolutionConfigurationPlatforms) = preSolution
	Debug|Any CPU = Debug|Any CPU
	ExportDebug|Any CPU = ExportDebug|Any CPU
	ExportRelease|Any CPU = ExportRelease|Any CPU
	EndGlobalSection
	GlobalSection(ProjectConfigurationPlatforms) = postSolution
		{38ADF299-CA88-4B9A-86F7-0A55F617C87C}.Debug|Any CPU.ActiveCfg = Debug|Any CPU
		{38ADF299-CA88-4B9A-86F7-0A55F617C87C}.Debug|Any CPU.Build.0 = Debug|Any CPU
		{38ADF299-CA88-4B9A-86F7-0A55F617C87C}.ExportDebug|Any CPU.ActiveCfg = ExportDebug|Any CPU
		{38ADF299-CA88-4B9A-86F7-0A55F617C87C}.ExportDebug|Any CPU.Build.0 = ExportDebug|Any CPU
		{38ADF299-CA88-4B9A-86F7-0A55F617C87C}.ExportRelease|Any CPU.ActiveCfg = ExportRelease|Any CPU
		{38ADF299-CA88-4B9A-86F7-0A55F617C87C}.ExportRelease|Any CPU.Build.0 = ExportRelease|Any CPU
	EndGlobalSection
EndGlobal
